
Microsoft Visual Studio Solution File, Format Version 12.00
# Visual Studio Version 16
VisualStudioVersion = 16.0.31515.178
MinimumVisualStudioVersion = 10.0.40219.1
Project("{FAE04EC0-301F-11D3-BF4B-00C04F79EFBC}") = "JQueryDataTables", "JQueryDataTables\JQueryDataTables.csproj", "{A91CF90E-77F7-46F8-8364-06278FEDE8FE}"
EndProject
Global
	GlobalSection(SolutionConfigurationPlatforms) = preSolution
		Debug|Any CPU = Debug|Any CPU
		Release|Any CPU = Release|Any CPU
	EndGlobalSection
	GlobalSection(ProjectConfigurationPlatforms) = postSolution
		{A91CF90E-77F7-46F8-8364-06278FEDE8FE}.Debug|Any CPU.ActiveCfg = Debug|Any CPU
		{A91CF90E-77F7-46F8-8364-06278FEDE8FE}.Debug|Any CPU.Build.0 = Debug|Any CPU
		{A91CF90E-77F7-46F8-8364-06278FEDE8FE}.Release|Any CPU.ActiveCfg = Release|Any CPU
		{A91CF90E-77F7-46F8-8364-06278FEDE8FE}.Release|Any CPU.Build.0 = Release|Any CPU
	EndGlobalSection
	GlobalSection(SolutionProperties) = preSolution
		HideSolutionNode = FALSE
	EndGlobalSection
	GlobalSection(ExtensibilityGlobals) = postSolution
		SolutionGuid = {694630CD-4FB6-490F-8851-CE965651ACB9}
	EndGlobalSection
EndGlobal
